
Microsoft Visual Studio Solution File, Format Version 12.00
# Visual Studio Version 16
VisualStudioVersion = 16.0.32602.291
MinimumVisualStudioVersion = 10.0.40219.1
Project("{9A19103F-16F7-4668-BE54-9A1E7A4F7556}") = "SampleFiles", "SampleFiles\SampleFiles.csproj", "{E2CC04D0-1167-4B56-9C65-7CFE08580CEA}"
EndProject
Project("{FAE04EC0-301F-11D3-BF4B-00C04F79EFBC}") = "studentwebapi", "studentwebapi\studentwebapi.csproj", "{E1030E96-2A64-4F41-82E7-3B88AC293901}"
EndProject
Global
	GlobalSection(SolutionConfigurationPlatforms) = preSolution
		Debug|Any CPU = Debug|Any CPU
		Release|Any CPU = Release|Any CPU
	EndGlobalSection
	GlobalSection(ProjectConfigurationPlatforms) = postSolution
		{E2CC04D0-1167-4B56-9C65-7CFE08580CEA}.Debug|Any CPU.ActiveCfg = Debug|Any CPU
		{E2CC04D0-1167-4B56-9C65-7CFE08580CEA}.Debug|Any CPU.Build.0 = Debug|Any CPU
		{E2CC04D0-1167-4B56-9C65-7CFE08580CEA}.Release|Any CPU.ActiveCfg = Release|Any CPU
		{E2CC04D0-1167-4B56-9C65-7CFE08580CEA}.Release|Any CPU.Build.0 = Release|Any CPU
		{E1030E96-2A64-4F41-82E7-3B88AC293901}.Debug|Any CPU.ActiveCfg = Debug|Any CPU
		{E1030E96-2A64-4F41-82E7-3B88AC293901}.Debug|Any CPU.Build.0 = Debug|Any CPU
		{E1030E96-2A64-4F41-82E7-3B88AC293901}.Release|Any CPU.ActiveCfg = Release|Any CPU
		{E1030E96-2A64-4F41-82E7-3B88AC293901}.Release|Any CPU.Build.0 = Release|Any CPU
	EndGlobalSection
	GlobalSection(SolutionProperties) = preSolution
		HideSolutionNode = FALSE
	EndGlobalSection
	GlobalSection(ExtensibilityGlobals) = postSolution
		SolutionGuid = {F70C82DE-89E6-40AB-A0CE-D3E667784523}
	EndGlobalSection
EndGlobal
